
Microsoft Visual Studio Solution File, Format Version 12.00
# Visual Studio Version 16
VisualStudioVersion = 16.0.31702.278
MinimumVisualStudioVersion = 10.0.40219.1
Project("{FAE04EC0-301F-11D3-BF4B-00C04F79EFBC}") = "Subtraction", "Subtraction\Subtraction.csproj", "{EC703B1C-FF75-4DF7-B531-2369EFDB6D9D}"
EndProject
Global
	GlobalSection(SolutionConfigurationPlatforms) = preSolution
		Debug|Any CPU = Debug|Any CPU
		Release|Any CPU = Release|Any CPU
	EndGlobalSection
	GlobalSection(ProjectConfigurationPlatforms) = postSolution
		{EC703B1C-FF75-4DF7-B531-2369EFDB6D9D}.Debug|Any CPU.ActiveCfg = Debug|Any CPU
		{EC703B1C-FF75-4DF7-B531-2369EFDB6D9D}.Debug|Any CPU.Build.0 = Debug|Any CPU
		{EC703B1C-FF75-4DF7-B531-2369EFDB6D9D}.Release|Any CPU.ActiveCfg = Release|Any CPU
		{EC703B1C-FF75-4DF7-B531-2369EFDB6D9D}.Release|Any CPU.Build.0 = Release|Any CPU
	EndGlobalSection
	GlobalSection(SolutionProperties) = preSolution
		HideSolutionNode = FALSE
	EndGlobalSection
	GlobalSection(ExtensibilityGlobals) = postSolution
		SolutionGuid = {015814AD-B4F5-49A6-8EEC-3347AA6195E0}
	EndGlobalSection
EndGlobal
